
Microsoft Visual Studio Solution File, Format Version 12.00
# Visual Studio Version 16
VisualStudioVersion = 16.0.29424.173
MinimumVisualStudioVersion = 10.0.40219.1
Project("{FAE04EC0-301F-11D3-BF4B-00C04F79EFBC}") = "Proyecto Final 2020", "Proyecto Final 2020.csproj", "{03B75192-EDA4-421C-885F-9C15D59FF6C1}"
EndProject
Global
	GlobalSection(SolutionConfigurationPlatforms) = preSolution
		Debug|Any CPU = Debug|Any CPU
		Release|Any CPU = Release|Any CPU
	EndGlobalSection
	GlobalSection(ProjectConfigurationPlatforms) = postSolution
		{03B75192-EDA4-421C-885F-9C15D59FF6C1}.Debug|Any CPU.ActiveCfg = Debug|Any CPU
		{03B75192-EDA4-421C-885F-9C15D59FF6C1}.Debug|Any CPU.Build.0 = Debug|Any CPU
		{03B75192-EDA4-421C-885F-9C15D59FF6C1}.Release|Any CPU.ActiveCfg = Release|Any CPU
		{03B75192-EDA4-421C-885F-9C15D59FF6C1}.Release|Any CPU.Build.0 = Release|Any CPU
	EndGlobalSection
	GlobalSection(SolutionProperties) = preSolution
		HideSolutionNode = FALSE
	EndGlobalSection
	GlobalSection(ExtensibilityGlobals) = postSolution
		SolutionGuid = {7720703C-2BD1-4BD5-B881-9BFE3AA4FB9A}
	EndGlobalSection
EndGlobal
